
Microsoft Visual Studio Solution File, Format Version 12.00
# Visual Studio Version 16
VisualStudioVersion = 16.0.31019.35
MinimumVisualStudioVersion = 10.0.40219.1
Project("{9A19103F-16F7-4668-BE54-9A1E7A4F7556}") = "myClass", "myClass\myClass.csproj", "{08813D4E-A794-4867-A8ED-4669B3A8A989}"
EndProject
Global
	GlobalSection(SolutionConfigurationPlatforms) = preSolution
		Debug|Any CPU = Debug|Any CPU
		Release|Any CPU = Release|Any CPU
	EndGlobalSection
	GlobalSection(ProjectConfigurationPlatforms) = postSolution
		{08813D4E-A794-4867-A8ED-4669B3A8A989}.Debug|Any CPU.ActiveCfg = Debug|Any CPU
		{08813D4E-A794-4867-A8ED-4669B3A8A989}.Debug|Any CPU.Build.0 = Debug|Any CPU
		{08813D4E-A794-4867-A8ED-4669B3A8A989}.Release|Any CPU.ActiveCfg = Release|Any CPU
		{08813D4E-A794-4867-A8ED-4669B3A8A989}.Release|Any CPU.Build.0 = Release|Any CPU
	EndGlobalSection
	GlobalSection(SolutionProperties) = preSolution
		HideSolutionNode = FALSE
	EndGlobalSection
	GlobalSection(ExtensibilityGlobals) = postSolution
		SolutionGuid = {E80DFDAE-58E8-4ED7-9420-03A146D3F1F1}
	EndGlobalSection
EndGlobal
